// !$*UTF8*$!
{
	archiveVersion = 1;
	classes = {
	};
	objectVersion = 51;
	objects = {

/* Begin PBXBuildFile section */
		218F9B1D264A69EF00E59287 /* coinstatusApp.swift in Sources */ = {isa = PBXBuildFile; fileRef = 218F9B1C264A69EF00E59287 /* coinstatusApp.swift */; };
		218F9B1F264A69EF00E59287 /* ContentView.swift in Sources */ = {isa = PBXBuildFile; fileRef = 218F9B1E264A69EF00E59287 /* ContentView.swift */; };
		218F9B21264A69EF00E59287 /* Assets.xcassets in Resources */ = {isa = PBXBuildFile; fileRef = 218F9B20264A69EF00E59287 /* Assets.xcassets */; };
		218F9B24264A69EF00E59287 /* Preview Assets.xcassets in Resources */ = {isa = PBXBuildFile; fileRef = 218F9B23264A69EF00E59287 /* Preview Assets.xcassets */; };
		218F9B2D264A6A9A00E59287 /* Coin.swift in Sources */ = {isa = PBXBuildFile; fileRef = 218F9B2C264A6A9A00E59287 /* Coin.swift */; };
		218F9B2F264A729700E59287 /* CoinSelectView.swift in Sources */ = {isa = PBXBuildFile; fileRef = 218F9B2E264A729700E59287 /* CoinSelectView.swift */; };
		D9C559D92D1DB9B04D7FF59B /* Pods_coinstatus.framework in Frameworks */ = {isa = PBXBuildFile; fileRef = F77A33BC8DFA960EA553CC67 /* Pods_coinstatus.framework */; };
/* End PBXBuildFile section */

/* Begin PBXFileReference section */
		218F9B19264A69EF00E59287 /* coinstatus.app */ = {isa = PBXFileReference; explicitFileType = wrapper.application; includeInIndex = 0; path = coinstatus.app; sourceTree = BUILT_PRODUCTS_DIR; };
		218F9B1C264A69EF00E59287 /* coinstatusApp.swift */ = {isa = PBXFileReference; lastKnownFileType = sourcecode.swift; path = coinstatusApp.swift; sourceTree = "<group>"; };
		218F9B1E264A69EF00E59287 /* ContentView.swift */ = {isa = PBXFileReference; lastKnownFileType = sourcecode.swift; path = ContentView.swift; sourceTree = "<group>"; };
		218F9B20264A69EF00E59287 /* Assets.xcassets */ = {isa = PBXFileReference; lastKnownFileType = folder.assetcatalog; path = Assets.xcassets; sourceTree = "<group>"; };
		218F9B23264A69EF00E59287 /* Preview Assets.xcassets */ = {isa = PBXFileReference; lastKnownFileType = folder.assetcatalog; path = "Preview Assets.xcassets"; sourceTree = "<group>"; };
		218F9B25264A69EF00E59287 /* Info.plist */ = {isa = PBXFileReference; lastKnownFileType = text.plist.xml; path = Info.plist; sourceTree = "<group>"; };
		218F9B26264A69EF00E59287 /* coinstatus.entitlements */ = {isa = PBXFileReference; lastKnownFileType = text.plist.entitlements; path = coinstatus.entitlements; sourceTree = "<group>"; };
		218F9B2C264A6A9A00E59287 /* Coin.swift */ = {isa = PBXFileReference; lastKnownFileType = sourcecode.swift; path = Coin.swift; sourceTree = "<group>"; };
		218F9B2E264A729700E59287 /* CoinSelectView.swift */ = {isa = PBXFileReference; lastKnownFileType = sourcecode.swift; path = CoinSelectView.swift; sourceTree = "<group>"; };
		4019AB6D89398D8CC851BBBB /* Pods-coinstatus.debug.xcconfig */ = {isa = PBXFileReference; includeInIndex = 1; lastKnownFileType = text.xcconfig; name = "Pods-coinstatus.debug.xcconfig"; path = "Target Support Files/Pods-coinstatus/Pods-coinstatus.debug.xcconfig"; sourceTree = "<group>"; };
		835DD75017F7286BD146A493 /* Pods-coinstatus.release.xcconfig */ = {isa = PBXFileReference; includeInIndex = 1; lastKnownFileType = text.xcconfig; name = "Pods-coinstatus.release.xcconfig"; path = "Target Support Files/Pods-coinstatus/Pods-coinstatus.release.xcconfig"; sourceTree = "<group>"; };
		F77A33BC8DFA960EA553CC67 /* Pods_coinstatus.framework */ = {isa = PBXFileReference; explicitFileType = wrapper.framework; includeInIndex = 0; path = Pods_coinstatus.framework; sourceTree = BUILT_PRODUCTS_DIR; };
/* End PBXFileReference section */

/* Begin PBXFrameworksBuildPhase section */
		218F9B16264A69EF00E59287 /* Frameworks */ = {
			isa = PBXFrameworksBuildPhase;
			buildActionMask = 2147483647;
			files = (
				D9C559D92D1DB9B04D7FF59B /* Pods_coinstatus.framework in Frameworks */,
			);
			runOnlyForDeploymentPostprocessing = 0;
		};
/* End PBXFrameworksBuildPhase section */

/* Begin PBXGroup section */
		06478B4126B1DBBF43D905FA /* Frameworks */ = {
			isa = PBXGroup;
			children = (
				F77A33BC8DFA960EA553CC67 /* Pods_coinstatus.framework */,
			);
			name = Frameworks;
			sourceTree = "<group>";
		};
		218F9B10264A69EF00E59287 = {
			isa = PBXGroup;
			children = (
				218F9B1B264A69EF00E59287 /* coinstatus */,
				218F9B1A264A69EF00E59287 /* Products */,
				26FBAA4546072D91C9F963BB /* Pods */,
				06478B4126B1DBBF43D905FA /* Frameworks */,
			);
			sourceTree = "<group>";
		};
		218F9B1A264A69EF00E59287 /* Products */ = {
			isa = PBXGroup;
			children = (
				218F9B19264A69EF00E59287 /* coinstatus.app */,
			);
			name = Products;
			sourceTree = "<group>";
		};
		218F9B1B264A69EF00E59287 /* coinstatus */ = {
			isa = PBXGroup;
			children = (
				218F9B1C264A69EF00E59287 /* coinstatusApp.swift */,
				218F9B1E264A69EF00E59287 /* ContentView.swift */,
				218F9B2E264A729700E59287 /* CoinSelectView.swift */,
				218F9B20264A69EF00E59287 /* Assets.xcassets */,
				218F9B25264A69EF00E59287 /* Info.plist */,
				218F9B26264A69EF00E59287 /* coinstatus.entitlements */,
				218F9B22264A69EF00E59287 /* Preview Content */,
				218F9B2C264A6A9A00E59287 /* Coin.swift */,
			);
			path = coinstatus;
			sourceTree = "<group>";
		};
		218F9B22264A69EF00E59287 /* Preview Content */ = {
			isa = PBXGroup;
			children = (
				218F9B23264A69EF00E59287 /* Preview Assets.xcassets */,
			);
			path = "Preview Content";
			sourceTree = "<group>";
		};
		26FBAA4546072D91C9F963BB /* Pods */ = {
			isa = PBXGroup;
			children = (
				4019AB6D89398D8CC851BBBB /* Pods-coinstatus.debug.xcconfig */,
				835DD75017F7286BD146A493 /* Pods-coinstatus.release.xcconfig */,
			);
			path = Pods;
			sourceTree = "<group>";
		};
/* End PBXGroup section */

/* Begin PBXNativeTarget section */
		218F9B18264A69EF00E59287 /* coinstatus */ = {
			isa = PBXNativeTarget;
			buildConfigurationList = 218F9B29264A69EF00E59287 /* Build configuration list for PBXNativeTarget "coinstatus" */;
			buildPhases = (
				8B342119B0F7167F563BE8CC /* [CP] Check Pods Manifest.lock */,
				218F9B15264A69EF00E59287 /* Sources */,
				218F9B16264A69EF00E59287 /* Frameworks */,
				218F9B17264A69EF00E59287 /* Resources */,
				7870CD41460C3AB6607F14BB /* [CP] Embed Pods Frameworks */,
			);
			buildRules = (
			);
			dependencies = (
			);
			name = coinstatus;
			productName = coinstatus;
			productReference = 218F9B19264A69EF00E59287 /* coinstatus.app */;
			productType = "com.apple.product-type.application";
		};
/* End PBXNativeTarget section */

/* Begin PBXProject section */
		218F9B11264A69EF00E59287 /* Project object */ = {
			isa = PBXProject;
			attributes = {
				LastSwiftUpdateCheck = 1250;
				LastUpgradeCheck = 1250;
				TargetAttributes = {
					218F9B18264A69EF00E59287 = {
						CreatedOnToolsVersion = 12.5;
					};
				};
			};
			buildConfigurationList = 218F9B14264A69EF00E59287 /* Build configuration list for PBXProject "coinstatus" */;
			compatibilityVersion = "Xcode 9.3";
			developmentRegion = en;
			hasScannedForEncodings = 0;
			knownRegions = (
				en,
				Base,
			);
			mainGroup = 218F9B10264A69EF00E59287;
			productRefGroup = 218F9B1A264A69EF00E59287 /* Products */;
			projectDirPath = "";
			projectRoot = "";
			targets = (
				218F9B18264A69EF00E59287 /* coinstatus */,
			);
		};
/* End PBXProject section */

/* Begin PBXResourcesBuildPhase section */
		218F9B17264A69EF00E59287 /* Resources */ = {
			isa = PBXResourcesBuildPhase;
			buildActionMask = 2147483647;
			files = (
				218F9B24264A69EF00E59287 /* Preview Assets.xcassets in Resources */,
				218F9B21264A69EF00E59287 /* Assets.xcassets in Resources */,
			);
			runOnlyForDeploymentPostprocessing = 0;
		};
/* End PBXResourcesBuildPhase section */

/* Begin PBXShellScriptBuildPhase section */
		7870CD41460C3AB6607F14BB /* [CP] Embed Pods Frameworks */ = {
			isa = PBXShellScriptBuildPhase;
			buildActionMask = 2147483647;
			files = (
			);
			inputFileListPaths = (
				"${PODS_ROOT}/Target Support Files/Pods-coinstatus/Pods-coinstatus-frameworks-${CONFIGURATION}-input-files.xcfilelist",
			);
			name = "[CP] Embed Pods Frameworks";
			outputFileListPaths = (
				"${PODS_ROOT}/Target Support Files/Pods-coinstatus/Pods-coinstatus-frameworks-${CONFIGURATION}-output-files.xcfilelist",
			);
			runOnlyForDeploymentPostprocessing = 0;
			shellPath = /bin/sh;
			shellScript = "\"${PODS_ROOT}/Target Support Files/Pods-coinstatus/Pods-coinstatus-frameworks.sh\"\n";
			showEnvVarsInLog = 0;
		};
		8B342119B0F7167F563BE8CC /* [CP] Check Pods Manifest.lock */ = {
			isa = PBXShellScriptBuildPhase;
			buildActionMask = 2147483647;
			files = (
			);
			inputFileListPaths = (
			);
			inputPaths = (
				"${PODS_PODFILE_DIR_PATH}/Podfile.lock",
				"${PODS_ROOT}/Manifest.lock",
			);
			name = "[CP] Check Pods Manifest.lock";
			outputFileListPaths = (
			);
			outputPaths = (
				"$(DERIVED_FILE_DIR)/Pods-coinstatus-checkManifestLockResult.txt",
			);
			runOnlyForDeploymentPostprocessing = 0;
			shellPath = /bin/sh;
			shellScript = "diff \"${PODS_PODFILE_DIR_PATH}/Podfile.lock\" \"${PODS_ROOT}/Manifest.lock\" > /dev/null\nif [ $? != 0 ] ; then\n    # print error to STDERR\n    echo \"error: The sandbox is not in sync with the Podfile.lock. Run 'pod install' or update your CocoaPods installation.\" >&2\n    exit 1\nfi\n# This output is used by Xcode 'outputs' to avoid re-running this script phase.\necho \"SUCCESS\" > \"${SCRIPT_OUTPUT_FILE_0}\"\n";
			showEnvVarsInLog = 0;
		};
/* End PBXShellScriptBuildPhase section */

/* Begin PBXSourcesBuildPhase section */
		218F9B15264A69EF00E59287 /* Sources */ = {
			isa = PBXSourcesBuildPhase;
			buildActionMask = 2147483647;
			files = (
				218F9B2D264A6A9A00E59287 /* Coin.swift in Sources */,
				218F9B1F264A69EF00E59287 /* ContentView.swift in Sources */,
				218F9B1D264A69EF00E59287 /* coinstatusApp.swift in Sources */,
				218F9B2F264A729700E59287 /* CoinSelectView.swift in Sources */,
			);
			runOnlyForDeploymentPostprocessing = 0;
		};
/* End PBXSourcesBuildPhase section */

/* Begin XCBuildConfiguration section */
		218F9B27264A69EF00E59287 /* Debug */ = {
			isa = XCBuildConfiguration;
			buildSettings = {
				ALWAYS_SEARCH_USER_PATHS = NO;
				CLANG_ANALYZER_NONNULL = YES;
				CLANG_ANALYZER_NUMBER_OBJECT_CONVERSION = YES_AGGRESSIVE;
				CLANG_CXX_LANGUAGE_STANDARD = "gnu++14";
				CLANG_CXX_LIBRARY = "libc++";
				CLANG_ENABLE_MODULES = YES;
				CLANG_ENABLE_OBJC_ARC = YES;
				CLANG_ENABLE_OBJC_WEAK = YES;
				CLANG_WARN_BLOCK_CAPTURE_AUTORELEASING = YES;
				CLANG_WARN_BOOL_CONVERSION = YES;
				CLANG_WARN_COMMA = YES;
				CLANG_WARN_CONSTANT_CONVERSION = YES;
				CLANG_WARN_DEPRECATED_OBJC_IMPLEMENTATIONS = YES;
				CLANG_WARN_DIRECT_OBJC_ISA_USAGE = YES_ERROR;
				CLANG_WARN_DOCUMENTATION_COMMENTS = YES;
				CLANG_WARN_EMPTY_BODY = YES;
				CLANG_WARN_ENUM_CONVERSION = YES;
				CLANG_WARN_INFINITE_RECURSION = YES;
				CLANG_WARN_INT_CONVERSION = YES;
				CLANG_WARN_NON_LITERAL_NULL_CONVERSION = YES;
				CLANG_WARN_OBJC_IMPLICIT_RETAIN_SELF = YES;
				CLANG_WARN_OBJC_LITERAL_CONVERSION = YES;
				CLANG_WARN_OBJC_ROOT_CLASS = YES_ERROR;
				CLANG_WARN_QUOTED_INCLUDE_IN_FRAMEWORK_HEADER = YES;
				CLANG_WARN_RANGE_LOOP_ANALYSIS = YES;
				CLANG_WARN_STRICT_PROTOTYPES = YES;
				CLANG_WARN_SUSPICIOUS_MOVE = YES;
				CLANG_WARN_UNGUARDED_AVAILABILITY = YES_AGGRESSIVE;
				CLANG_WARN_UNREACHABLE_CODE = YES;
				CLANG_WARN__DUPLICATE_METHOD_MATCH = YES;
				COPY_PHASE_STRIP = NO;
				DEBUG_INFORMATION_FORMAT = dwarf;
				ENABLE_STRICT_OBJC_MSGSEND = YES;
				ENABLE_TESTABILITY = YES;
				GCC_C_LANGUAGE_STANDARD = gnu11;
				GCC_DYNAMIC_NO_PIC = NO;
				GCC_NO_COMMON_BLOCKS = YES;
				GCC_OPTIMIZATION_LEVEL = 0;
				GCC_PREPROCESSOR_DEFINITIONS = (
					"DEBUG=1",
					"$(inherited)",
				);
				GCC_WARN_64_TO_32_BIT_CONVERSION = YES;
				GCC_WARN_ABOUT_RETURN_TYPE = YES_ERROR;
				GCC_WARN_UNDECLARED_SELECTOR = YES;
				GCC_WARN_UNINITIALIZED_AUTOS = YES_AGGRESSIVE;
				GCC_WARN_UNUSED_FUNCTION = YES;
				GCC_WARN_UNUSED_VARIABLE = YES;
				MACOSX_DEPLOYMENT_TARGET = 11.2;
				MTL_ENABLE_DEBUG_INFO = INCLUDE_SOURCE;
				MTL_FAST_MATH = YES;
				ONLY_ACTIVE_ARCH = YES;
				SDKROOT = macosx;
				SWIFT_ACTIVE_COMPILATION_CONDITIONS = DEBUG;
				SWIFT_OPTIMIZATION_LEVEL = "-Onone";
			};
			name = Debug;
		};
		218F9B28264A69EF00E59287 /* Release */ = {
			isa = XCBuildConfiguration;
			buildSettings = {
				ALWAYS_SEARCH_USER_PATHS = NO;
				CLANG_ANALYZER_NONNULL = YES;
				CLANG_ANALYZER_NUMBER_OBJECT_CONVERSION = YES_AGGRESSIVE;
				CLANG_CXX_LANGUAGE_STANDARD = "gnu++14";
				CLANG_CXX_LIBRARY = "libc++";
				CLANG_ENABLE_MODULES = YES;
				CLANG_ENABLE_OBJC_ARC = YES;
				CLANG_ENABLE_OBJC_WEAK = YES;
				CLANG_WARN_BLOCK_CAPTURE_AUTORELEASING = YES;
				CLANG_WARN_BOOL_CONVERSION = YES;
				CLANG_WARN_COMMA = YES;
				CLANG_WARN_CONSTANT_CONVERSION = YES;
				CLANG_WARN_DEPRECATED_OBJC_IMPLEMENTATIONS = YES;
				CLANG_WARN_DIRECT_OBJC_ISA_USAGE = YES_ERROR;
				CLANG_WARN_DOCUMENTATION_COMMENTS = YES;
				CLANG_WARN_EMPTY_BODY = YES;
				CLANG_WARN_ENUM_CONVERSION = YES;
				CLANG_WARN_INFINITE_RECURSION = YES;
				CLANG_WARN_INT_CONVERSION = YES;
				CLANG_WARN_NON_LITERAL_NULL_CONVERSION = YES;
				CLANG_WARN_OBJC_IMPLICIT_RETAIN_SELF = YES;
				CLANG_WARN_OBJC_LITERAL_CONVERSION = YES;
				CLANG_WARN_OBJC_ROOT_CLASS = YES_ERROR;
				CLANG_WARN_QUOTED_INCLUDE_IN_FRAMEWORK_HEADER = YES;
				CLANG_WARN_RANGE_LOOP_ANALYSIS = YES;
				CLANG_WARN_STRICT_PROTOTYPES = YES;
				CLANG_WARN_SUSPICIOUS_MOVE = YES;
				CLANG_WARN_UNGUARDED_AVAILABILITY = YES_AGGRESSIVE;
				CLANG_WARN_UNREACHABLE_CODE = YES;
				CLANG_WARN__DUPLICATE_METHOD_MATCH = YES;
				COPY_PHASE_STRIP = NO;
				DEBUG_INFORMATION_FORMAT = "dwarf-with-dsym";
				ENABLE_NS_ASSERTIONS = NO;
				ENABLE_STRICT_OBJC_MSGSEND = YES;
				GCC_C_LANGUAGE_STANDARD = gnu11;
				GCC_NO_COMMON_BLOCKS = YES;
				GCC_WARN_64_TO_32_BIT_CONVERSION = YES;
				GCC_WARN_ABOUT_RETURN_TYPE = YES_ERROR;
				GCC_WARN_UNDECLARED_SELECTOR = YES;
				GCC_WARN_UNINITIALIZED_AUTOS = YES_AGGRESSIVE;
				GCC_WARN_UNUSED_FUNCTION = YES;
				GCC_WARN_UNUSED_VARIABLE = YES;
				MACOSX_DEPLOYMENT_TARGET = 11.2;
				MTL_ENABLE_DEBUG_INFO = NO;
				MTL_FAST_MATH = YES;
				SDKROOT = macosx;
				SWIFT_COMPILATION_MODE = wholemodule;
				SWIFT_OPTIMIZATION_LEVEL = "-O";
			};
			name = Release;
		};
		218F9B2A264A69EF00E59287 /* Debug */ = {
			isa = XCBuildConfiguration;
			baseConfigurationReference = 4019AB6D89398D8CC851BBBB /* Pods-coinstatus.debug.xcconfig */;
			buildSettings = {
				ASSETCATALOG_COMPILER_APPICON_NAME = AppIcon;
				ASSETCATALOG_COMPILER_GLOBAL_ACCENT_COLOR_NAME = AccentColor;
				CODE_SIGN_ENTITLEMENTS = coinstatus/coinstatus.entitlements;
				CODE_SIGN_STYLE = Automatic;
				COMBINE_HIDPI_IMAGES = YES;
				DEVELOPMENT_ASSET_PATHS = "\"coinstatus/Preview Content\"";
				DEVELOPMENT_TEAM = 78P29CRTVV;
				ENABLE_HARDENED_RUNTIME = YES;
				ENABLE_PREVIEWS = YES;
				INFOPLIST_FILE = coinstatus/Info.plist;
				LD_RUNPATH_SEARCH_PATHS = (
					"$(inherited)",
					"@executable_path/../Frameworks",
				);
				MACOSX_DEPLOYMENT_TARGET = 11.0;
				PRODUCT_BUNDLE_IDENTIFIER = com.namu.coinstatus;
				PRODUCT_NAME = "$(TARGET_NAME)";
				SWIFT_VERSION = 5.0;
			};
			name = Debug;
		};
		218F9B2B264A69EF00E59287 /* Release */ = {
			isa = XCBuildConfiguration;
			baseConfigurationReference = 835DD75017F7286BD146A493 /* Pods-coinstatus.release.xcconfig */;
			buildSettings = {
				ASSETCATALOG_COMPILER_APPICON_NAME = AppIcon;
				ASSETCATALOG_COMPILER_GLOBAL_ACCENT_COLOR_NAME = AccentColor;
				CODE_SIGN_ENTITLEMENTS = coinstatus/coinstatus.entitlements;
				CODE_SIGN_STYLE = Automatic;
				COMBINE_HIDPI_IMAGES = YES;
				DEVELOPMENT_ASSET_PATHS = "\"coinstatus/Preview Content\"";
				DEVELOPMENT_TEAM = 78P29CRTVV;
				ENABLE_HARDENED_RUNTIME = YES;
				ENABLE_PREVIEWS = YES;
				INFOPLIST_FILE = coinstatus/Info.plist;
				LD_RUNPATH_SEARCH_PATHS = (
					"$(inherited)",
					"@executable_path/../Frameworks",
				);
				MACOSX_DEPLOYMENT_TARGET = 11.0;
				PRODUCT_BUNDLE_IDENTIFIER = com.namu.coinstatus;
				PRODUCT_NAME = "$(TARGET_NAME)";
				SWIFT_VERSION = 5.0;
			};
			name = Release;
		};
/* End XCBuildConfiguration section */

/* Begin XCConfigurationList section */
		218F9B14264A69EF00E59287 /* Build configuration list for PBXProject "coinstatus" */ = {
			isa = XCConfigurationList;
			buildConfigurations = (
				218F9B27264A69EF00E59287 /* Debug */,
				218F9B28264A69EF00E59287 /* Release */,
			);
			defaultConfigurationIsVisible = 0;
			defaultConfigurationName = Release;
		};
		218F9B29264A69EF00E59287 /* Build configuration list for PBXNativeTarget "coinstatus" */ = {
			isa = XCConfigurationList;
			buildConfigurations = (
				218F9B2A264A69EF00E59287 /* Debug */,
				218F9B2B264A69EF00E59287 /* Release */,
			);
			defaultConfigurationIsVisible = 0;
			defaultConfigurationName = Release;
		};
/* End XCConfigurationList section */
	};
	rootObject = 218F9B11264A69EF00E59287 /* Project object */;
}
